<?xml version="1.0" encoding="utf-8"?>
<Project ToolsVersion="4.0" xmlns="http://schemas.microsoft.com/developer/msbuild/2003">
  <ItemGroup>
    <Filter Include="Source Files">
      <UniqueIdentifier>{4FC737F1-C7A5-4376-A066-2A32D752A2FF}</UniqueIdentifier>
      <Extensions>cpp;c;cc;cxx;c++;cppm;ixx;def;odl;idl;hpj;bat;asm;asmx</Extensions>
    </Filter>
    <Filter Include="Header Files">
      <UniqueIdentifier>{93995380-89BD-4b04-88EB-625FBE52EBFB}</UniqueIdentifier>
      <Extensions>h;hh;hpp;hxx;h++;hm;inl;inc;ipp;xsd</Extensions>
    </Filter>
    <Filter Include="Resource Files">
      <UniqueIdentifier>{67DA6AB6-F800-4c08-8B7A-83BB121AAD01}</UniqueIdentifier>
      <Extensions>rc;ico;cur;bmp;dlg;rc2;rct;bin;rgs;gif;jpg;jpeg;jpe;resx;tiff;tif;png;wav;mfcribbon-ms</Extensions>
    </Filter>
    <Filter Include="Header Files\W4">
      <UniqueIdentifier>{686953b1-be3b-4cdf-9f15-d89c61cafeda}</UniqueIdentifier>
    </Filter>
    <Filter Include="Source Files\W4">
      <UniqueIdentifier>{7ccc4ea8-c7f6-414e-8464-8d8418b0036a}</UniqueIdentifier>
    </Filter>
    <Filter Include="Header Files\W1">
      <UniqueIdentifier>{0a4d56d7-84b3-40b0-b00f-ca9cd330fdb7}</UniqueIdentifier>
    </Filter>
    <Filter Include="Header Files\W2">
      <UniqueIdentifier>{ef6bcf3d-75c6-4dff-b9b9-4139c9548f89}</UniqueIdentifier>
    </Filter>
    <Filter Include="Header Files\W3">
      <UniqueIdentifier>{f8d503dd-c70e-4ec5-8b76-85f4cc4f4692}</UniqueIdentifier>
    </Filter>
    <Filter Include="Source Files\W1">
      <UniqueIdentifier>{be0d0b7a-7536-4bcc-ac33-df9855bf1edd}</UniqueIdentifier>
    </Filter>
    <Filter Include="Source Files\W2">
      <UniqueIdentifier>{22e0314d-12cb-4656-bdab-7b4c3965ee35}</UniqueIdentifier>
    </Filter>
    <Filter Include="Source Files\W3">
      <UniqueIdentifier>{f6356853-00aa-47d4-987a-8e1ab7006f58}</UniqueIdentifier>
    </Filter>
    <Filter Include="Source Files\W6">
      <UniqueIdentifier>{ad5f9bca-d6c5-4f81-b9aa-a6173977af35}</UniqueIdentifier>
    </Filter>
    <Filter Include="Header Files\W6">
      <UniqueIdentifier>{46adf1f8-e888-4201-bb82-58be1bcf9d3a}</UniqueIdentifier>
    </Filter>
    <Filter Include="Source Files\W5">
      <UniqueIdentifier>{c8514e5d-8939-4789-8bd9-c4459ecfd012}</UniqueIdentifier>
    </Filter>
    <Filter Include="Header Files\W5">
      <UniqueIdentifier>{d0f2753f-0e1d-4044-938a-e1f5f6b07740}</UniqueIdentifier>
    </Filter>
  </ItemGroup>
  <ItemGroup>
    <ClCompile Include="Main.cpp">
      <Filter>Source Files</Filter>
    </ClCompile>
    <ClCompile Include="RandomYear.cpp">
      <Filter>Source Files\W1</Filter>
    </ClCompile>
    <ClCompile Include="EnglishVocabulary.cpp">
      <Filter>Source Files\W1</Filter>
    </ClCompile>
    <ClCompile Include="CPhanSo.cpp">
      <Filter>Source Files\W2</Filter>
    </ClCompile>
    <ClCompile Include="Dice.cpp">
      <Filter>Source Files\W2</Filter>
    </ClCompile>
    <ClCompile Include="DiceGame.cpp">
      <Filter>Source Files\W2</Filter>
    </ClCompile>
    <ClCompile Include="Integer.cpp">
      <Filter>Source Files\W2</Filter>
    </ClCompile>
    <ClCompile Include="Random.cpp">
      <Filter>Source Files\W2</Filter>
    </ClCompile>
    <ClCompile Include="RandomFraction.cpp">
      <Filter>Source Files\W2</Filter>
    </ClCompile>
    <ClCompile Include="Util.cpp">
      <Filter>Source Files\W3</Filter>
    </ClCompile>
    <ClCompile Include="DynamicArray.cpp">
      <Filter>Source Files\W3</Filter>
    </ClCompile>
    <ClCompile Include="MobileNetwork.cpp">
      <Filter>Source Files\W4</Filter>
    </ClCompile>
    <ClCompile Include="Telephone.cpp">
      <Filter>Source Files\W4</Filter>
    </ClCompile>
    <ClCompile Include="TelephoneMock.cpp">
      <Filter>Source Files\W4</Filter>
    </ClCompile>
    <ClCompile Include="Fullname.cpp">
      <Filter>Source Files\W4</Filter>
    </ClCompile>
    <ClCompile Include="FullnameMock.cpp">
      <Filter>Source Files\W4</Filter>
    </ClCompile>
    <ClCompile Include="DateTime.cpp">
      <Filter>Source Files\W6</Filter>
    </ClCompile>
    <ClCompile Include="BirthdayMock.cpp">
      <Filter>Source Files\W6</Filter>
    </ClCompile>
    <ClCompile Include="CitizenIdMock.cpp">
      <Filter>Source Files\W6</Filter>
    </ClCompile>
    <ClCompile Include="Test.cpp">
      <Filter>Source Files</Filter>
    </ClCompile>
    <ClCompile Include="EmailMock.cpp">
      <Filter>Source Files\W5</Filter>
    </ClCompile>
    <ClCompile Include="Address.cpp">
      <Filter>Source Files\W5</Filter>
    </ClCompile>
    <ClCompile Include="District.cpp">
      <Filter>Source Files\W5</Filter>
    </ClCompile>
    <ClCompile Include="HcmAddressMock.cpp">
      <Filter>Source Files\W5</Filter>
    </ClCompile>
  </ItemGroup>
  <ItemGroup>
    <ClInclude Include="CPhanSo.h">
      <Filter>Header Files\W2</Filter>
    </ClInclude>
    <ClInclude Include="Dice.h">
      <Filter>Header Files\W2</Filter>
    </ClInclude>
    <ClInclude Include="Integer.h">
      <Filter>Header Files\W2</Filter>
    </ClInclude>
    <ClInclude Include="Random.h">
      <Filter>Header Files\W2</Filter>
    </ClInclude>
    <ClInclude Include="W1.h">
      <Filter>Header Files\W1</Filter>
    </ClInclude>
    <ClInclude Include="W2.h">
      <Filter>Header Files\W2</Filter>
    </ClInclude>
    <ClInclude Include="Util.h">
      <Filter>Header Files\W3</Filter>
    </ClInclude>
    <ClInclude Include="DynamicArray.h">
      <Filter>Header Files\W3</Filter>
    </ClInclude>
    <ClInclude Include="MobileNetwork.h">
      <Filter>Header Files\W4</Filter>
    </ClInclude>
    <ClInclude Include="Telephone.h">
      <Filter>Header Files\W4</Filter>
    </ClInclude>
    <ClInclude Include="TelephoneMock.h">
      <Filter>Header Files\W4</Filter>
    </ClInclude>
    <ClInclude Include="Fullname.h">
      <Filter>Header Files\W4</Filter>
    </ClInclude>
    <ClInclude Include="FullnameMock.h">
      <Filter>Header Files\W4</Filter>
    </ClInclude>
    <ClInclude Include="DateTime.h">
      <Filter>Header Files\W6</Filter>
    </ClInclude>
    <ClInclude Include="BirthdayMock.h">
      <Filter>Header Files\W6</Filter>
    </ClInclude>
    <ClInclude Include="CitizenIdMock.h">
      <Filter>Header Files\W6</Filter>
    </ClInclude>
    <ClInclude Include="Test.h">
      <Filter>Header Files</Filter>
    </ClInclude>
    <ClInclude Include="EmailMock.h">
      <Filter>Header Files\W5</Filter>
    </ClInclude>
    <ClInclude Include="Address.h">
      <Filter>Header Files\W5</Filter>
    </ClInclude>
    <ClInclude Include="District.h">
      <Filter>Header Files\W5</Filter>
    </ClInclude>
    <ClInclude Include="HcmAddressMock.h">
      <Filter>Header Files\W5</Filter>
    </ClInclude>
  </ItemGroup>
</Project>